// !$*UTF8*$!
{
	archiveVersion = 1;
	classes = {
	};
	objectVersion = 46;
	objects = {

/* Begin PBXBuildFile section */
		1220765AF6F8FB1FE415312B /* Pods_CDVDictionary.framework in Frameworks */ = {isa = PBXBuildFile; fileRef = 2EC9A649728045A8E9C77828 /* Pods_CDVDictionary.framework */; };
		E59559581C343E680046F5A7 /* russianAlphabet.plist in Resources */ = {isa = PBXBuildFile; fileRef = E59559561C343E680046F5A7 /* russianAlphabet.plist */; };
		E59559591C343E680046F5A7 /* serbianAlphabet.plist in Resources */ = {isa = PBXBuildFile; fileRef = E59559571C343E680046F5A7 /* serbianAlphabet.plist */; };
		E5C2D7531C231A9600F705D0 /* AppDelegate.swift in Sources */ = {isa = PBXBuildFile; fileRef = E5C2D7521C231A9600F705D0 /* AppDelegate.swift */; };
		E5C2D7551C231A9600F705D0 /* MainViewController.swift in Sources */ = {isa = PBXBuildFile; fileRef = E5C2D7541C231A9600F705D0 /* MainViewController.swift */; };
		E5C2D7581C231A9600F705D0 /* Main.storyboard in Resources */ = {isa = PBXBuildFile; fileRef = E5C2D7561C231A9600F705D0 /* Main.storyboard */; };
		E5C2D75A1C231A9600F705D0 /* Assets.xcassets in Resources */ = {isa = PBXBuildFile; fileRef = E5C2D7591C231A9600F705D0 /* Assets.xcassets */; };
		E5C2D75D1C231A9600F705D0 /* LaunchScreen.storyboard in Resources */ = {isa = PBXBuildFile; fileRef = E5C2D75B1C231A9600F705D0 /* LaunchScreen.storyboard */; };
		E5C2D7681C231A9600F705D0 /* CDVDictionaryTests.swift in Sources */ = {isa = PBXBuildFile; fileRef = E5C2D7671C231A9600F705D0 /* CDVDictionaryTests.swift */; };
/* End PBXBuildFile section */

/* Begin PBXContainerItemProxy section */
		E5C2D7641C231A9600F705D0 /* PBXContainerItemProxy */ = {
			isa = PBXContainerItemProxy;
			containerPortal = E5C2D7471C231A9600F705D0 /* Project object */;
			proxyType = 1;
			remoteGlobalIDString = E5C2D74E1C231A9600F705D0;
			remoteInfo = CDVDictionary;
		};
/* End PBXContainerItemProxy section */

/* Begin PBXFileReference section */
		2EC9A649728045A8E9C77828 /* Pods_CDVDictionary.framework */ = {isa = PBXFileReference; explicitFileType = wrapper.framework; includeInIndex = 0; path = Pods_CDVDictionary.framework; sourceTree = BUILT_PRODUCTS_DIR; };
		8268E510E500651824125423 /* Pods-CDVDictionary.debug.xcconfig */ = {isa = PBXFileReference; includeInIndex = 1; lastKnownFileType = text.xcconfig; name = "Pods-CDVDictionary.debug.xcconfig"; path = "Pods/Target Support Files/Pods-CDVDictionary/Pods-CDVDictionary.debug.xcconfig"; sourceTree = "<group>"; };
		E59559561C343E680046F5A7 /* russianAlphabet.plist */ = {isa = PBXFileReference; fileEncoding = 4; lastKnownFileType = text.plist.xml; path = russianAlphabet.plist; sourceTree = "<group>"; };
		E59559571C343E680046F5A7 /* serbianAlphabet.plist */ = {isa = PBXFileReference; fileEncoding = 4; lastKnownFileType = text.plist.xml; path = serbianAlphabet.plist; sourceTree = "<group>"; };
		E5C2D74F1C231A9600F705D0 /* CDVDictionary.app */ = {isa = PBXFileReference; explicitFileType = wrapper.application; includeInIndex = 0; path = CDVDictionary.app; sourceTree = BUILT_PRODUCTS_DIR; };
		E5C2D7521C231A9600F705D0 /* AppDelegate.swift */ = {isa = PBXFileReference; lastKnownFileType = sourcecode.swift; path = AppDelegate.swift; sourceTree = "<group>"; };
		E5C2D7541C231A9600F705D0 /* MainViewController.swift */ = {isa = PBXFileReference; lastKnownFileType = sourcecode.swift; path = MainViewController.swift; sourceTree = "<group>"; };
		E5C2D7571C231A9600F705D0 /* Base */ = {isa = PBXFileReference; lastKnownFileType = file.storyboard; name = Base; path = Base.lproj/Main.storyboard; sourceTree = "<group>"; };
		E5C2D7591C231A9600F705D0 /* Assets.xcassets */ = {isa = PBXFileReference; lastKnownFileType = folder.assetcatalog; path = Assets.xcassets; sourceTree = "<group>"; };
		E5C2D75C1C231A9600F705D0 /* Base */ = {isa = PBXFileReference; lastKnownFileType = file.storyboard; name = Base; path = Base.lproj/LaunchScreen.storyboard; sourceTree = "<group>"; };
		E5C2D75E1C231A9600F705D0 /* Info.plist */ = {isa = PBXFileReference; lastKnownFileType = text.plist.xml; path = Info.plist; sourceTree = "<group>"; };
		E5C2D7631C231A9600F705D0 /* CDVDictionaryTests.xctest */ = {isa = PBXFileReference; explicitFileType = wrapper.cfbundle; includeInIndex = 0; path = CDVDictionaryTests.xctest; sourceTree = BUILT_PRODUCTS_DIR; };
		E5C2D7671C231A9600F705D0 /* CDVDictionaryTests.swift */ = {isa = PBXFileReference; lastKnownFileType = sourcecode.swift; path = CDVDictionaryTests.swift; sourceTree = "<group>"; };
		E5C2D7691C231A9600F705D0 /* Info.plist */ = {isa = PBXFileReference; lastKnownFileType = text.plist.xml; path = Info.plist; sourceTree = "<group>"; };
		FECC5CED5E7ADB075F71D103 /* Pods-CDVDictionary.release.xcconfig */ = {isa = PBXFileReference; includeInIndex = 1; lastKnownFileType = text.xcconfig; name = "Pods-CDVDictionary.release.xcconfig"; path = "Pods/Target Support Files/Pods-CDVDictionary/Pods-CDVDictionary.release.xcconfig"; sourceTree = "<group>"; };
/* End PBXFileReference section */

/* Begin PBXFrameworksBuildPhase section */
		E5C2D74C1C231A9600F705D0 /* Frameworks */ = {
			isa = PBXFrameworksBuildPhase;
			buildActionMask = 2147483647;
			files = (
				1220765AF6F8FB1FE415312B /* Pods_CDVDictionary.framework in Frameworks */,
			);
			runOnlyForDeploymentPostprocessing = 0;
		};
		E5C2D7601C231A9600F705D0 /* Frameworks */ = {
			isa = PBXFrameworksBuildPhase;
			buildActionMask = 2147483647;
			files = (
			);
			runOnlyForDeploymentPostprocessing = 0;
		};
/* End PBXFrameworksBuildPhase section */

/* Begin PBXGroup section */
		49DB1EFDD044997FA13D7A3A /* Frameworks */ = {
			isa = PBXGroup;
			children = (
				2EC9A649728045A8E9C77828 /* Pods_CDVDictionary.framework */,
			);
			name = Frameworks;
			sourceTree = "<group>";
		};
		B0EDCD2981783CF80A3CB695 /* Pods */ = {
			isa = PBXGroup;
			children = (
				8268E510E500651824125423 /* Pods-CDVDictionary.debug.xcconfig */,
				FECC5CED5E7ADB075F71D103 /* Pods-CDVDictionary.release.xcconfig */,
			);
			name = Pods;
			sourceTree = "<group>";
		};
		E5C2D7461C231A9600F705D0 = {
			isa = PBXGroup;
			children = (
				E5C2D7511C231A9600F705D0 /* CDVDictionary */,
				E5C2D7661C231A9600F705D0 /* CDVDictionaryTests */,
				E5C2D7501C231A9600F705D0 /* Products */,
				B0EDCD2981783CF80A3CB695 /* Pods */,
				49DB1EFDD044997FA13D7A3A /* Frameworks */,
			);
			sourceTree = "<group>";
		};
		E5C2D7501C231A9600F705D0 /* Products */ = {
			isa = PBXGroup;
			children = (
				E5C2D74F1C231A9600F705D0 /* CDVDictionary.app */,
				E5C2D7631C231A9600F705D0 /* CDVDictionaryTests.xctest */,
			);
			name = Products;
			sourceTree = "<group>";
		};
		E5C2D7511C231A9600F705D0 /* CDVDictionary */ = {
			isa = PBXGroup;
			children = (
				E5C2D7521C231A9600F705D0 /* AppDelegate.swift */,
				E5C2D7541C231A9600F705D0 /* MainViewController.swift */,
				E5C2D7561C231A9600F705D0 /* Main.storyboard */,
				E5C2D7591C231A9600F705D0 /* Assets.xcassets */,
				E5C2D75B1C231A9600F705D0 /* LaunchScreen.storyboard */,
				E5C2D75E1C231A9600F705D0 /* Info.plist */,
				E59559561C343E680046F5A7 /* russianAlphabet.plist */,
				E59559571C343E680046F5A7 /* serbianAlphabet.plist */,
			);
			path = CDVDictionary;
			sourceTree = "<group>";
		};
		E5C2D7661C231A9600F705D0 /* CDVDictionaryTests */ = {
			isa = PBXGroup;
			children = (
				E5C2D7671C231A9600F705D0 /* CDVDictionaryTests.swift */,
				E5C2D7691C231A9600F705D0 /* Info.plist */,
			);
			path = CDVDictionaryTests;
			sourceTree = "<group>";
		};
/* End PBXGroup section */

/* Begin PBXNativeTarget section */
		E5C2D74E1C231A9600F705D0 /* CDVDictionary */ = {
			isa = PBXNativeTarget;
			buildConfigurationList = E5C2D76C1C231A9600F705D0 /* Build configuration list for PBXNativeTarget "CDVDictionary" */;
			buildPhases = (
				659381086259E34E8E074F57 /* Check Pods Manifest.lock */,
				E5C2D74B1C231A9600F705D0 /* Sources */,
				E5C2D74C1C231A9600F705D0 /* Frameworks */,
				E5C2D74D1C231A9600F705D0 /* Resources */,
				83C94D896A04330922D07A43 /* Embed Pods Frameworks */,
				C25AD152FC3FB9FEF706153C /* Copy Pods Resources */,
			);
			buildRules = (
			);
			dependencies = (
			);
			name = CDVDictionary;
			productName = CDVDictionary;
			productReference = E5C2D74F1C231A9600F705D0 /* CDVDictionary.app */;
			productType = "com.apple.product-type.application";
		};
		E5C2D7621C231A9600F705D0 /* CDVDictionaryTests */ = {
			isa = PBXNativeTarget;
			buildConfigurationList = E5C2D76F1C231A9600F705D0 /* Build configuration list for PBXNativeTarget "CDVDictionaryTests" */;
			buildPhases = (
				E5C2D75F1C231A9600F705D0 /* Sources */,
				E5C2D7601C231A9600F705D0 /* Frameworks */,
				E5C2D7611C231A9600F705D0 /* Resources */,
			);
			buildRules = (
			);
			dependencies = (
				E5C2D7651C231A9600F705D0 /* PBXTargetDependency */,
			);
			name = CDVDictionaryTests;
			productName = CDVDictionaryTests;
			productReference = E5C2D7631C231A9600F705D0 /* CDVDictionaryTests.xctest */;
			productType = "com.apple.product-type.bundle.unit-test";
		};
/* End PBXNativeTarget section */

/* Begin PBXProject section */
		E5C2D7471C231A9600F705D0 /* Project object */ = {
			isa = PBXProject;
			attributes = {
				LastSwiftUpdateCheck = 0720;
				LastUpgradeCheck = 0720;
				ORGANIZATIONNAME = "Alex Golub";
				TargetAttributes = {
					E5C2D74E1C231A9600F705D0 = {
						CreatedOnToolsVersion = 7.2;
					};
					E5C2D7621C231A9600F705D0 = {
						CreatedOnToolsVersion = 7.2;
						TestTargetID = E5C2D74E1C231A9600F705D0;
					};
				};
			};
			buildConfigurationList = E5C2D74A1C231A9600F705D0 /* Build configuration list for PBXProject "CDVDictionary" */;
			compatibilityVersion = "Xcode 3.2";
			developmentRegion = English;
			hasScannedForEncodings = 0;
			knownRegions = (
				en,
				Base,
			);
			mainGroup = E5C2D7461C231A9600F705D0;
			productRefGroup = E5C2D7501C231A9600F705D0 /* Products */;
			projectDirPath = "";
			projectRoot = "";
			targets = (
				E5C2D74E1C231A9600F705D0 /* CDVDictionary */,
				E5C2D7621C231A9600F705D0 /* CDVDictionaryTests */,
			);
		};
/* End PBXProject section */

/* Begin PBXResourcesBuildPhase section */
		E5C2D74D1C231A9600F705D0 /* Resources */ = {
			isa = PBXResourcesBuildPhase;
			buildActionMask = 2147483647;
			files = (
				E5C2D75D1C231A9600F705D0 /* LaunchScreen.storyboard in Resources */,
				E59559591C343E680046F5A7 /* serbianAlphabet.plist in Resources */,
				E59559581C343E680046F5A7 /* russianAlphabet.plist in Resources */,
				E5C2D75A1C231A9600F705D0 /* Assets.xcassets in Resources */,
				E5C2D7581C231A9600F705D0 /* Main.storyboard in Resources */,
			);
			runOnlyForDeploymentPostprocessing = 0;
		};
		E5C2D7611C231A9600F705D0 /* Resources */ = {
			isa = PBXResourcesBuildPhase;
			buildActionMask = 2147483647;
			files = (
			);
			runOnlyForDeploymentPostprocessing = 0;
		};
/* End PBXResourcesBuildPhase section */

/* Begin PBXShellScriptBuildPhase section */
		659381086259E34E8E074F57 /* Check Pods Manifest.lock */ = {
			isa = PBXShellScriptBuildPhase;
			buildActionMask = 2147483647;
			files = (
			);
			inputPaths = (
			);
			name = "Check Pods Manifest.lock";
			outputPaths = (
			);
			runOnlyForDeploymentPostprocessing = 0;
			shellPath = /bin/sh;
			shellScript = "diff \"${PODS_ROOT}/../Podfile.lock\" \"${PODS_ROOT}/Manifest.lock\" > /dev/null\nif [[ $? != 0 ]] ; then\n    cat << EOM\nerror: The sandbox is not in sync with the Podfile.lock. Run 'pod install' or update your CocoaPods installation.\nEOM\n    exit 1\nfi\n";
			showEnvVarsInLog = 0;
		};
		83C94D896A04330922D07A43 /* Embed Pods Frameworks */ = {
			isa = PBXShellScriptBuildPhase;
			buildActionMask = 2147483647;
			files = (
			);
			inputPaths = (
			);
			name = "Embed Pods Frameworks";
			outputPaths = (
			);
			runOnlyForDeploymentPostprocessing = 0;
			shellPath = /bin/sh;
			shellScript = "\"${SRCROOT}/Pods/Target Support Files/Pods-CDVDictionary/Pods-CDVDictionary-frameworks.sh\"\n";
			showEnvVarsInLog = 0;
		};
		C25AD152FC3FB9FEF706153C /* Copy Pods Resources */ = {
			isa = PBXShellScriptBuildPhase;
			buildActionMask = 2147483647;
			files = (
			);
			inputPaths = (
			);
			name = "Copy Pods Resources";
			outputPaths = (
			);
			runOnlyForDeploymentPostprocessing = 0;
			shellPath = /bin/sh;
			shellScript = "\"${SRCROOT}/Pods/Target Support Files/Pods-CDVDictionary/Pods-CDVDictionary-resources.sh\"\n";
			showEnvVarsInLog = 0;
		};
/* End PBXShellScriptBuildPhase section */

/* Begin PBXSourcesBuildPhase section */
		E5C2D74B1C231A9600F705D0 /* Sources */ = {
			isa = PBXSourcesBuildPhase;
			buildActionMask = 2147483647;
			files = (
				E5C2D7551C231A9600F705D0 /* MainViewController.swift in Sources */,
				E5C2D7531C231A9600F705D0 /* AppDelegate.swift in Sources */,
			);
			runOnlyForDeploymentPostprocessing = 0;
		};
		E5C2D75F1C231A9600F705D0 /* Sources */ = {
			isa = PBXSourcesBuildPhase;
			buildActionMask = 2147483647;
			files = (
				E5C2D7681C231A9600F705D0 /* CDVDictionaryTests.swift in Sources */,
			);
			runOnlyForDeploymentPostprocessing = 0;
		};
/* End PBXSourcesBuildPhase section */

/* Begin PBXTargetDependency section */
		E5C2D7651C231A9600F705D0 /* PBXTargetDependency */ = {
			isa = PBXTargetDependency;
			target = E5C2D74E1C231A9600F705D0 /* CDVDictionary */;
			targetProxy = E5C2D7641C231A9600F705D0 /* PBXContainerItemProxy */;
		};
/* End PBXTargetDependency section */

/* Begin PBXVariantGroup section */
		E5C2D7561C231A9600F705D0 /* Main.storyboard */ = {
			isa = PBXVariantGroup;
			children = (
				E5C2D7571C231A9600F705D0 /* Base */,
			);
			name = Main.storyboard;
			sourceTree = "<group>";
		};
		E5C2D75B1C231A9600F705D0 /* LaunchScreen.storyboard */ = {
			isa = PBXVariantGroup;
			children = (
				E5C2D75C1C231A9600F705D0 /* Base */,
			);
			name = LaunchScreen.storyboard;
			sourceTree = "<group>";
		};
/* End PBXVariantGroup section */

/* Begin XCBuildConfiguration section */
		E5C2D76A1C231A9600F705D0 /* Debug */ = {
			isa = XCBuildConfiguration;
			buildSettings = {
				ALWAYS_SEARCH_USER_PATHS = NO;
				CLANG_CXX_LANGUAGE_STANDARD = "gnu++0x";
				CLANG_CXX_LIBRARY = "libc++";
				CLANG_ENABLE_MODULES = YES;
				CLANG_ENABLE_OBJC_ARC = YES;
				CLANG_WARN_BOOL_CONVERSION = YES;
				CLANG_WARN_CONSTANT_CONVERSION = YES;
				CLANG_WARN_DIRECT_OBJC_ISA_USAGE = YES_ERROR;
				CLANG_WARN_EMPTY_BODY = YES;
				CLANG_WARN_ENUM_CONVERSION = YES;
				CLANG_WARN_INT_CONVERSION = YES;
				CLANG_WARN_OBJC_ROOT_CLASS = YES_ERROR;
				CLANG_WARN_UNREACHABLE_CODE = YES;
				CLANG_WARN__DUPLICATE_METHOD_MATCH = YES;
				"CODE_SIGN_IDENTITY[sdk=iphoneos*]" = "iPhone Developer";
				COPY_PHASE_STRIP = NO;
				DEBUG_INFORMATION_FORMAT = dwarf;
				ENABLE_STRICT_OBJC_MSGSEND = YES;
				ENABLE_TESTABILITY = YES;
				GCC_C_LANGUAGE_STANDARD = gnu99;
				GCC_DYNAMIC_NO_PIC = NO;
				GCC_NO_COMMON_BLOCKS = YES;
				GCC_OPTIMIZATION_LEVEL = 0;
				GCC_PREPROCESSOR_DEFINITIONS = (
					"DEBUG=1",
					"$(inherited)",
				);
				GCC_WARN_64_TO_32_BIT_CONVERSION = YES;
				GCC_WARN_ABOUT_RETURN_TYPE = YES_ERROR;
				GCC_WARN_UNDECLARED_SELECTOR = YES;
				GCC_WARN_UNINITIALIZED_AUTOS = YES_AGGRESSIVE;
				GCC_WARN_UNUSED_FUNCTION = YES;
				GCC_WARN_UNUSED_VARIABLE = YES;
				IPHONEOS_DEPLOYMENT_TARGET = 9.2;
				MTL_ENABLE_DEBUG_INFO = YES;
				ONLY_ACTIVE_ARCH = YES;
				SDKROOT = iphoneos;
				SWIFT_OPTIMIZATION_LEVEL = "-Onone";
				TARGETED_DEVICE_FAMILY = "1,2";
			};
			name = Debug;
		};
		E5C2D76B1C231A9600F705D0 /* Release */ = {
			isa = XCBuildConfiguration;
			buildSettings = {
				ALWAYS_SEARCH_USER_PATHS = NO;
				CLANG_CXX_LANGUAGE_STANDARD = "gnu++0x";
				CLANG_CXX_LIBRARY = "libc++";
				CLANG_ENABLE_MODULES = YES;
				CLANG_ENABLE_OBJC_ARC = YES;
				CLANG_WARN_BOOL_CONVERSION = YES;
				CLANG_WARN_CONSTANT_CONVERSION = YES;
				CLANG_WARN_DIRECT_OBJC_ISA_USAGE = YES_ERROR;
				CLANG_WARN_EMPTY_BODY = YES;
				CLANG_WARN_ENUM_CONVERSION = YES;
				CLANG_WARN_INT_CONVERSION = YES;
				CLANG_WARN_OBJC_ROOT_CLASS = YES_ERROR;
				CLANG_WARN_UNREACHABLE_CODE = YES;
				CLANG_WARN__DUPLICATE_METHOD_MATCH = YES;
				"CODE_SIGN_IDENTITY[sdk=iphoneos*]" = "iPhone Developer";
				COPY_PHASE_STRIP = NO;
				DEBUG_INFORMATION_FORMAT = "dwarf-with-dsym";
				ENABLE_NS_ASSERTIONS = NO;
				ENABLE_STRICT_OBJC_MSGSEND = YES;
				GCC_C_LANGUAGE_STANDARD = gnu99;
				GCC_NO_COMMON_BLOCKS = YES;
				GCC_WARN_64_TO_32_BIT_CONVERSION = YES;
				GCC_WARN_ABOUT_RETURN_TYPE = YES_ERROR;
				GCC_WARN_UNDECLARED_SELECTOR = YES;
				GCC_WARN_UNINITIALIZED_AUTOS = YES_AGGRESSIVE;
				GCC_WARN_UNUSED_FUNCTION = YES;
				GCC_WARN_UNUSED_VARIABLE = YES;
				IPHONEOS_DEPLOYMENT_TARGET = 9.2;
				MTL_ENABLE_DEBUG_INFO = NO;
				SDKROOT = iphoneos;
				TARGETED_DEVICE_FAMILY = "1,2";
				VALIDATE_PRODUCT = YES;
			};
			name = Release;
		};
		E5C2D76D1C231A9600F705D0 /* Debug */ = {
			isa = XCBuildConfiguration;
			baseConfigurationReference = 8268E510E500651824125423 /* Pods-CDVDictionary.debug.xcconfig */;
			buildSettings = {
				ASSETCATALOG_COMPILER_APPICON_NAME = AppIcon;
				INFOPLIST_FILE = CDVDictionary/Info.plist;
				LD_RUNPATH_SEARCH_PATHS = "$(inherited) @executable_path/Frameworks";
				PRODUCT_BUNDLE_IDENTIFIER = com.codeveyor.CDVDictionary;
				PRODUCT_NAME = "$(TARGET_NAME)";
			};
			name = Debug;
		};
		E5C2D76E1C231A9600F705D0 /* Release */ = {
			isa = XCBuildConfiguration;
			baseConfigurationReference = FECC5CED5E7ADB075F71D103 /* Pods-CDVDictionary.release.xcconfig */;
			buildSettings = {
				ASSETCATALOG_COMPILER_APPICON_NAME = AppIcon;
				INFOPLIST_FILE = CDVDictionary/Info.plist;
				LD_RUNPATH_SEARCH_PATHS = "$(inherited) @executable_path/Frameworks";
				PRODUCT_BUNDLE_IDENTIFIER = com.codeveyor.CDVDictionary;
				PRODUCT_NAME = "$(TARGET_NAME)";
			};
			name = Release;
		};
		E5C2D7701C231A9600F705D0 /* Debug */ = {
			isa = XCBuildConfiguration;
			buildSettings = {
				BUNDLE_LOADER = "$(TEST_HOST)";
				INFOPLIST_FILE = CDVDictionaryTests/Info.plist;
				LD_RUNPATH_SEARCH_PATHS = "$(inherited) @executable_path/Frameworks @loader_path/Frameworks";
				PRODUCT_BUNDLE_IDENTIFIER = com.codeveyor.CDVDictionaryTests;
				PRODUCT_NAME = "$(TARGET_NAME)";
				TEST_HOST = "$(BUILT_PRODUCTS_DIR)/CDVDictionary.app/CDVDictionary";
			};
			name = Debug;
		};
		E5C2D7711C231A9600F705D0 /* Release */ = {
			isa = XCBuildConfiguration;
			buildSettings = {
				BUNDLE_LOADER = "$(TEST_HOST)";
				INFOPLIST_FILE = CDVDictionaryTests/Info.plist;
				LD_RUNPATH_SEARCH_PATHS = "$(inherited) @executable_path/Frameworks @loader_path/Frameworks";
				PRODUCT_BUNDLE_IDENTIFIER = com.codeveyor.CDVDictionaryTests;
				PRODUCT_NAME = "$(TARGET_NAME)";
				TEST_HOST = "$(BUILT_PRODUCTS_DIR)/CDVDictionary.app/CDVDictionary";
			};
			name = Release;
		};
/* End XCBuildConfiguration section */

/* Begin XCConfigurationList section */
		E5C2D74A1C231A9600F705D0 /* Build configuration list for PBXProject "CDVDictionary" */ = {
			isa = XCConfigurationList;
			buildConfigurations = (
				E5C2D76A1C231A9600F705D0 /* Debug */,
				E5C2D76B1C231A9600F705D0 /* Release */,
			);
			defaultConfigurationIsVisible = 0;
			defaultConfigurationName = Release;
		};
		E5C2D76C1C231A9600F705D0 /* Build configuration list for PBXNativeTarget "CDVDictionary" */ = {
			isa = XCConfigurationList;
			buildConfigurations = (
				E5C2D76D1C231A9600F705D0 /* Debug */,
				E5C2D76E1C231A9600F705D0 /* Release */,
			);
			defaultConfigurationIsVisible = 0;
			defaultConfigurationName = Release;
		};
		E5C2D76F1C231A9600F705D0 /* Build configuration list for PBXNativeTarget "CDVDictionaryTests" */ = {
			isa = XCConfigurationList;
			buildConfigurations = (
				E5C2D7701C231A9600F705D0 /* Debug */,
				E5C2D7711C231A9600F705D0 /* Release */,
			);
			defaultConfigurationIsVisible = 0;
			defaultConfigurationName = Release;
		};
/* End XCConfigurationList section */
	};
	rootObject = E5C2D7471C231A9600F705D0 /* Project object */;
}
